
Microsoft Visual Studio Solution File, Format Version 12.00
# Visual Studio 15
VisualStudioVersion = 15.0.28307.102
MinimumVisualStudioVersion = 10.0.40219.1
Project("{9A19103F-16F7-4668-BE54-9A1E7A4F7556}") = "Kontur.Sokoban", "Kontur.Sokoban\Kontur.Sokoban.csproj", "{9FBBDEE3-B3FE-484C-BB70-6C49A89C4608}"
EndProject
Project("{FAE04EC0-301F-11D3-BF4B-00C04F79EFBC}") = "Kontur.SokobanTests", "Kontur.SokobanTests\Kontur.SokobanTests.csproj", "{0140544F-02AC-49C2-8453-E72C68B86B45}"
EndProject
Global
	GlobalSection(SolutionConfigurationPlatforms) = preSolution
		Debug|Any CPU = Debug|Any CPU
		Release|Any CPU = Release|Any CPU
	EndGlobalSection
	GlobalSection(ProjectConfigurationPlatforms) = postSolution
		{9FBBDEE3-B3FE-484C-BB70-6C49A89C4608}.Debug|Any CPU.ActiveCfg = Debug|Any CPU
		{9FBBDEE3-B3FE-484C-BB70-6C49A89C4608}.Debug|Any CPU.Build.0 = Debug|Any CPU
		{9FBBDEE3-B3FE-484C-BB70-6C49A89C4608}.Release|Any CPU.ActiveCfg = Release|Any CPU
		{9FBBDEE3-B3FE-484C-BB70-6C49A89C4608}.Release|Any CPU.Build.0 = Release|Any CPU
		{0140544F-02AC-49C2-8453-E72C68B86B45}.Debug|Any CPU.ActiveCfg = Debug|Any CPU
		{0140544F-02AC-49C2-8453-E72C68B86B45}.Debug|Any CPU.Build.0 = Debug|Any CPU
		{0140544F-02AC-49C2-8453-E72C68B86B45}.Release|Any CPU.ActiveCfg = Release|Any CPU
		{0140544F-02AC-49C2-8453-E72C68B86B45}.Release|Any CPU.Build.0 = Release|Any CPU
	EndGlobalSection
	GlobalSection(SolutionProperties) = preSolution
		HideSolutionNode = FALSE
	EndGlobalSection
	GlobalSection(ExtensibilityGlobals) = postSolution
		SolutionGuid = {D91F0051-A16F-40F6-8B0E-FCE54EC1D911}
	EndGlobalSection
EndGlobal
